{
  "name": "@jyostudio/io",
  "version": "0.0.1",
  "lockfileVersion": 3,
  "requires": true,
  "packages": {
    "": {
      "name": "@jyostudio/io",
      "version": "0.0.1",
      "license": "MIT",
      "devDependencies": {
        "esbuild": "^0.23.0"
      },
      "peerDependencies": {
        "@jyostudio/enum": "^0.0.4",
        "@jyostudio/list": "^0.0.8",
        "@jyostudio/overload": "^0.0.12",
        "@jyostudio/text": "^0.0.3"
      }
    },
    "node_modules/@esbuild/win32-x64": {
      "version": "0.23.1",
      "resolved": "http://192.168.2.2:4873/@esbuild/win32-x64/-/win32-x64-0.23.1.tgz",
      "integrity": "sha512-BHpFFeslkWrXWyUPnbKm+xYYVYruCinGcftSBaa8zoF9hZO4BcSCFUvHVTtzpIY6YzUnYtuEhZ+C9iEXjxnasg==",
      "cpu": [
        "x64"
      ],
      "dev": true,
      "license": "MIT",
      "optional": true,
      "os": [
        "win32"
      ],
      "engines": {
        "node": ">=18"
      }
    },
    "node_modules/@jyostudio/enum": {
      "version": "0.0.4",
      "resolved": "http://192.168.2.2:4873/@jyostudio/enum/-/enum-0.0.4.tgz",
      "integrity": "sha512-rz1n11Fu3s9s6G2uHaCIoYEPv4fX4dhq+gw8GP/x2v9zmcafP0Ie5QFYg1j6R9BYy0J7pHIFNOOy3Q4eO/1+KQ==",
      "license": "MIT",
      "peer": true
    },
    "node_modules/@jyostudio/list": {
      "version": "0.0.8",
      "resolved": "http://192.168.2.2:4873/@jyostudio/list/-/list-0.0.8.tgz",
      "integrity": "sha512-7935lpCTNtK0b5TI4qGjkKwCwjoYbI4NCEWanqcTg4hDHOi0R61sQC8aNAMZOh3+WqLVYaMDYTVDqO0h3RPCiw==",
      "license": "MIT",
      "peer": true,
      "peerDependencies": {
        "@jyostudio/overload": "^0.0.12"
      }
    },
    "node_modules/@jyostudio/overload": {
      "version": "0.0.12",
      "resolved": "http://192.168.2.2:4873/@jyostudio/overload/-/overload-0.0.12.tgz",
      "integrity": "sha512-1H75Qc3WeXLV5FDhcKiscSQvYW201Xa58wlW5+VxFl1MwDwtobP8u0rFG/DFf6xx7ZErZxZ8emxEwogG/vj1wg==",
      "license": "MIT",
      "peer": true
    },
    "node_modules/@jyostudio/text": {
      "version": "0.0.3",
      "resolved": "https://npm.pkg.github.com/download/@jyostudio/text/0.0.3/8e0dff36dfef3bba771d7ce07b3299bed5d3e25c",
      "integrity": "sha512-XNgnYxm2dIs9I9GH0qDt0P+d/y1cWMZ++sVdm60XJOvX3amI3dwqNJXXxf9OojFs2Ve/7P3xa0HkhH0JMWzrFg==",
      "license": "MIT",
      "peer": true,
      "peerDependencies": {
        "@jyostudio/enum": "^0.0.4",
        "@jyostudio/list": "^0.0.8",
        "@jyostudio/overload": "^0.0.12"
      }
    },
    "node_modules/esbuild": {
      "version": "0.23.1",
      "resolved": "http://192.168.2.2:4873/esbuild/-/esbuild-0.23.1.tgz",
      "integrity": "sha512-VVNz/9Sa0bs5SELtn3f7qhJCDPCF5oMEl5cO9/SSinpE9hbPVvxbd572HH5AKiP7WD8INO53GgfDDhRjkylHEg==",
      "dev": true,
      "hasInstallScript": true,
      "license": "MIT",
      "bin": {
        "esbuild": "bin/esbuild"
      },
      "engines": {
        "node": ">=18"
      },
      "optionalDependencies": {
        "@esbuild/aix-ppc64": "0.23.1",
        "@esbuild/android-arm": "0.23.1",
        "@esbuild/android-arm64": "0.23.1",
        "@esbuild/android-x64": "0.23.1",
        "@esbuild/darwin-arm64": "0.23.1",
        "@esbuild/darwin-x64": "0.23.1",
        "@esbuild/freebsd-arm64": "0.23.1",
        "@esbuild/freebsd-x64": "0.23.1",
        "@esbuild/linux-arm": "0.23.1",
        "@esbuild/linux-arm64": "0.23.1",
        "@esbuild/linux-ia32": "0.23.1",
        "@esbuild/linux-loong64": "0.23.1",
        "@esbuild/linux-mips64el": "0.23.1",
        "@esbuild/linux-ppc64": "0.23.1",
        "@esbuild/linux-riscv64": "0.23.1",
        "@esbuild/linux-s390x": "0.23.1",
        "@esbuild/linux-x64": "0.23.1",
        "@esbuild/netbsd-x64": "0.23.1",
        "@esbuild/openbsd-arm64": "0.23.1",
        "@esbuild/openbsd-x64": "0.23.1",
        "@esbuild/sunos-x64": "0.23.1",
        "@esbuild/win32-arm64": "0.23.1",
        "@esbuild/win32-ia32": "0.23.1",
        "@esbuild/win32-x64": "0.23.1"
      }
    }
  }
}
